// !$*UTF8*$!
{
	archiveVersion = 1;
	classes = {
	};
	objectVersion = 50;
	objects = {

/* Begin PBXBuildFile section */
		4E16D18C254D63C200AEB3D2 /* AppDelegate.swift in Sources */ = {isa = PBXBuildFile; fileRef = 4E16D18B254D63C200AEB3D2 /* AppDelegate.swift */; };
		4E16D18E254D63C200AEB3D2 /* SceneDelegate.swift in Sources */ = {isa = PBXBuildFile; fileRef = 4E16D18D254D63C200AEB3D2 /* SceneDelegate.swift */; };
		4E16D190254D63C200AEB3D2 /* ViewController.swift in Sources */ = {isa = PBXBuildFile; fileRef = 4E16D18F254D63C200AEB3D2 /* ViewController.swift */; };
		4E16D193254D63C200AEB3D2 /* Main.storyboard in Resources */ = {isa = PBXBuildFile; fileRef = 4E16D191254D63C200AEB3D2 /* Main.storyboard */; };
		4E16D195254D63C300AEB3D2 /* Assets.xcassets in Resources */ = {isa = PBXBuildFile; fileRef = 4E16D194254D63C300AEB3D2 /* Assets.xcassets */; };
		4E16D198254D63C300AEB3D2 /* LaunchScreen.storyboard in Resources */ = {isa = PBXBuildFile; fileRef = 4E16D196254D63C300AEB3D2 /* LaunchScreen.storyboard */; };
		4E16D1A6254D63E800AEB3D2 /* ExtensionUivew.swift in Sources */ = {isa = PBXBuildFile; fileRef = 4E16D1A2254D63E700AEB3D2 /* ExtensionUivew.swift */; };
		4E16D1A7254D63E800AEB3D2 /* UIImageView.swift in Sources */ = {isa = PBXBuildFile; fileRef = 4E16D1A3254D63E700AEB3D2 /* UIImageView.swift */; };
		4E16D1A8254D63E800AEB3D2 /* UILabel.swift in Sources */ = {isa = PBXBuildFile; fileRef = 4E16D1A4254D63E700AEB3D2 /* UILabel.swift */; };
		4E16D1A9254D63E800AEB3D2 /* UIButton.swift in Sources */ = {isa = PBXBuildFile; fileRef = 4E16D1A5254D63E800AEB3D2 /* UIButton.swift */; };
		4E16D1B2254D645100AEB3D2 /* HeadCell.swift in Sources */ = {isa = PBXBuildFile; fileRef = 4E16D1B1254D645100AEB3D2 /* HeadCell.swift */; };
		4E16D1B7254D65ED00AEB3D2 /* Services.swift in Sources */ = {isa = PBXBuildFile; fileRef = 4E16D1B6254D65ED00AEB3D2 /* Services.swift */; };
		4E16D1D9254D668C00AEB3D2 /* Source.swift in Sources */ = {isa = PBXBuildFile; fileRef = 4E16D1D8254D668C00AEB3D2 /* Source.swift */; };
		4E4A45A7254D9EC000E9DF9D /* HeadlinesTableViewController.swift in Sources */ = {isa = PBXBuildFile; fileRef = 4E4A45A6254D9EC000E9DF9D /* HeadlinesTableViewController.swift */; };
		4E4A45AA254D9EDE00E9DF9D /* HeadlineListViewModel.swift in Sources */ = {isa = PBXBuildFile; fileRef = 4E4A45A9254D9EDE00E9DF9D /* HeadlineListViewModel.swift */; };
		4E4A45AD254D9F0B00E9DF9D /* Headline.swift in Sources */ = {isa = PBXBuildFile; fileRef = 4E4A45AC254D9F0B00E9DF9D /* Headline.swift */; };
		4E4A45B0254D9F2900E9DF9D /* HeadlineTableViewCell.swift in Sources */ = {isa = PBXBuildFile; fileRef = 4E4A45AF254D9F2900E9DF9D /* HeadlineTableViewCell.swift */; };
		4E4A45B3254DA04600E9DF9D /* HeadlineTableViewDataSource.swift in Sources */ = {isa = PBXBuildFile; fileRef = 4E4A45B2254DA04600E9DF9D /* HeadlineTableViewDataSource.swift */; };
		4EF66AD6254D8AB700F66F4A /* TableViewDataSource.swift in Sources */ = {isa = PBXBuildFile; fileRef = 4EF66AD5254D8AB700F66F4A /* TableViewDataSource.swift */; };
		4EF66ADA254D8B2100F66F4A /* SourceListViewModel.swift in Sources */ = {isa = PBXBuildFile; fileRef = 4EF66AD9254D8B2100F66F4A /* SourceListViewModel.swift */; };
/* End PBXBuildFile section */

/* Begin PBXFileReference section */
		4E16D188254D63C200AEB3D2 /* Headline App IN MVVM.app */ = {isa = PBXFileReference; explicitFileType = wrapper.application; includeInIndex = 0; path = "Headline App IN MVVM.app"; sourceTree = BUILT_PRODUCTS_DIR; };
		4E16D18B254D63C200AEB3D2 /* AppDelegate.swift */ = {isa = PBXFileReference; lastKnownFileType = sourcecode.swift; path = AppDelegate.swift; sourceTree = "<group>"; };
		4E16D18D254D63C200AEB3D2 /* SceneDelegate.swift */ = {isa = PBXFileReference; lastKnownFileType = sourcecode.swift; path = SceneDelegate.swift; sourceTree = "<group>"; };
		4E16D18F254D63C200AEB3D2 /* ViewController.swift */ = {isa = PBXFileReference; lastKnownFileType = sourcecode.swift; path = ViewController.swift; sourceTree = "<group>"; };
		4E16D192254D63C200AEB3D2 /* Base */ = {isa = PBXFileReference; lastKnownFileType = file.storyboard; name = Base; path = Base.lproj/Main.storyboard; sourceTree = "<group>"; };
		4E16D194254D63C300AEB3D2 /* Assets.xcassets */ = {isa = PBXFileReference; lastKnownFileType = folder.assetcatalog; path = Assets.xcassets; sourceTree = "<group>"; };
		4E16D197254D63C300AEB3D2 /* Base */ = {isa = PBXFileReference; lastKnownFileType = file.storyboard; name = Base; path = Base.lproj/LaunchScreen.storyboard; sourceTree = "<group>"; };
		4E16D199254D63C300AEB3D2 /* Info.plist */ = {isa = PBXFileReference; lastKnownFileType = text.plist.xml; path = Info.plist; sourceTree = "<group>"; };
		4E16D1A2254D63E700AEB3D2 /* ExtensionUivew.swift */ = {isa = PBXFileReference; fileEncoding = 4; lastKnownFileType = sourcecode.swift; path = ExtensionUivew.swift; sourceTree = "<group>"; };
		4E16D1A3254D63E700AEB3D2 /* UIImageView.swift */ = {isa = PBXFileReference; fileEncoding = 4; lastKnownFileType = sourcecode.swift; path = UIImageView.swift; sourceTree = "<group>"; };
		4E16D1A4254D63E700AEB3D2 /* UILabel.swift */ = {isa = PBXFileReference; fileEncoding = 4; lastKnownFileType = sourcecode.swift; path = UILabel.swift; sourceTree = "<group>"; };
		4E16D1A5254D63E800AEB3D2 /* UIButton.swift */ = {isa = PBXFileReference; fileEncoding = 4; lastKnownFileType = sourcecode.swift; path = UIButton.swift; sourceTree = "<group>"; };
		4E16D1B1254D645100AEB3D2 /* HeadCell.swift */ = {isa = PBXFileReference; lastKnownFileType = sourcecode.swift; path = HeadCell.swift; sourceTree = "<group>"; };
		4E16D1B6254D65ED00AEB3D2 /* Services.swift */ = {isa = PBXFileReference; lastKnownFileType = sourcecode.swift; path = Services.swift; sourceTree = "<group>"; };
		4E16D1D8254D668C00AEB3D2 /* Source.swift */ = {isa = PBXFileReference; lastKnownFileType = sourcecode.swift; path = Source.swift; sourceTree = "<group>"; };
		4E4A45A6254D9EC000E9DF9D /* HeadlinesTableViewController.swift */ = {isa = PBXFileReference; lastKnownFileType = sourcecode.swift; path = HeadlinesTableViewController.swift; sourceTree = "<group>"; };
		4E4A45A9254D9EDE00E9DF9D /* HeadlineListViewModel.swift */ = {isa = PBXFileReference; lastKnownFileType = sourcecode.swift; path = HeadlineListViewModel.swift; sourceTree = "<group>"; };
		4E4A45AC254D9F0B00E9DF9D /* Headline.swift */ = {isa = PBXFileReference; lastKnownFileType = sourcecode.swift; path = Headline.swift; sourceTree = "<group>"; };
		4E4A45AF254D9F2900E9DF9D /* HeadlineTableViewCell.swift */ = {isa = PBXFileReference; lastKnownFileType = sourcecode.swift; path = HeadlineTableViewCell.swift; sourceTree = "<group>"; };
		4E4A45B2254DA04600E9DF9D /* HeadlineTableViewDataSource.swift */ = {isa = PBXFileReference; lastKnownFileType = sourcecode.swift; path = HeadlineTableViewDataSource.swift; sourceTree = "<group>"; };
		4EF66AD5254D8AB700F66F4A /* TableViewDataSource.swift */ = {isa = PBXFileReference; lastKnownFileType = sourcecode.swift; path = TableViewDataSource.swift; sourceTree = "<group>"; };
		4EF66AD9254D8B2100F66F4A /* SourceListViewModel.swift */ = {isa = PBXFileReference; lastKnownFileType = sourcecode.swift; path = SourceListViewModel.swift; sourceTree = "<group>"; };
/* End PBXFileReference section */

/* Begin PBXFrameworksBuildPhase section */
		4E16D185254D63C200AEB3D2 /* Frameworks */ = {
			isa = PBXFrameworksBuildPhase;
			buildActionMask = 2147483647;
			files = (
			);
			runOnlyForDeploymentPostprocessing = 0;
		};
/* End PBXFrameworksBuildPhase section */

/* Begin PBXGroup section */
		4E16D17F254D63C200AEB3D2 = {
			isa = PBXGroup;
			children = (
				4E16D18A254D63C200AEB3D2 /* Headline App IN MVVM */,
				4E16D189254D63C200AEB3D2 /* Products */,
			);
			sourceTree = "<group>";
		};
		4E16D189254D63C200AEB3D2 /* Products */ = {
			isa = PBXGroup;
			children = (
				4E16D188254D63C200AEB3D2 /* Headline App IN MVVM.app */,
			);
			name = Products;
			sourceTree = "<group>";
		};
		4E16D18A254D63C200AEB3D2 /* Headline App IN MVVM */ = {
			isa = PBXGroup;
			children = (
				4E16D18B254D63C200AEB3D2 /* AppDelegate.swift */,
				4E16D18D254D63C200AEB3D2 /* SceneDelegate.swift */,
				4E16D1AD254D63F100AEB3D2 /* services */,
				4E16D1A1254D63D000AEB3D2 /* helpers */,
				4EF66AD4254D8A9F00F66F4A /* dataSource */,
				4E16D1B0254D640400AEB3D2 /* viewmodel */,
				4E16D1AE254D63FA00AEB3D2 /* model */,
				4E16D1AF254D63FF00AEB3D2 /* view */,
				4E16D1AB254D63EB00AEB3D2 /* controller */,
				4E16D191254D63C200AEB3D2 /* Main.storyboard */,
				4E16D194254D63C300AEB3D2 /* Assets.xcassets */,
				4E16D196254D63C300AEB3D2 /* LaunchScreen.storyboard */,
				4E16D199254D63C300AEB3D2 /* Info.plist */,
			);
			path = "Headline App IN MVVM";
			sourceTree = "<group>";
		};
		4E16D1A1254D63D000AEB3D2 /* helpers */ = {
			isa = PBXGroup;
			children = (
				4E16D1A2254D63E700AEB3D2 /* ExtensionUivew.swift */,
				4E16D1A5254D63E800AEB3D2 /* UIButton.swift */,
				4E16D1A3254D63E700AEB3D2 /* UIImageView.swift */,
				4E16D1A4254D63E700AEB3D2 /* UILabel.swift */,
			);
			path = helpers;
			sourceTree = "<group>";
		};
		4E16D1AB254D63EB00AEB3D2 /* controller */ = {
			isa = PBXGroup;
			children = (
				4E16D18F254D63C200AEB3D2 /* ViewController.swift */,
				4E4A45A6254D9EC000E9DF9D /* HeadlinesTableViewController.swift */,
			);
			path = controller;
			sourceTree = "<group>";
		};
		4E16D1AD254D63F100AEB3D2 /* services */ = {
			isa = PBXGroup;
			children = (
				4E16D1B6254D65ED00AEB3D2 /* Services.swift */,
			);
			path = services;
			sourceTree = "<group>";
		};
		4E16D1AE254D63FA00AEB3D2 /* model */ = {
			isa = PBXGroup;
			children = (
				4E16D1D8254D668C00AEB3D2 /* Source.swift */,
				4E4A45AC254D9F0B00E9DF9D /* Headline.swift */,
			);
			path = model;
			sourceTree = "<group>";
		};
		4E16D1AF254D63FF00AEB3D2 /* view */ = {
			isa = PBXGroup;
			children = (
				4E16D1B1254D645100AEB3D2 /* HeadCell.swift */,
				4E4A45AF254D9F2900E9DF9D /* HeadlineTableViewCell.swift */,
			);
			path = view;
			sourceTree = "<group>";
		};
		4E16D1B0254D640400AEB3D2 /* viewmodel */ = {
			isa = PBXGroup;
			children = (
				4EF66AD9254D8B2100F66F4A /* SourceListViewModel.swift */,
				4E4A45A9254D9EDE00E9DF9D /* HeadlineListViewModel.swift */,
			);
			path = viewmodel;
			sourceTree = "<group>";
		};
		4EF66AD4254D8A9F00F66F4A /* dataSource */ = {
			isa = PBXGroup;
			children = (
				4EF66AD5254D8AB700F66F4A /* TableViewDataSource.swift */,
				4E4A45B2254DA04600E9DF9D /* HeadlineTableViewDataSource.swift */,
			);
			path = dataSource;
			sourceTree = "<group>";
		};
/* End PBXGroup section */

/* Begin PBXNativeTarget section */
		4E16D187254D63C200AEB3D2 /* Headline App IN MVVM */ = {
			isa = PBXNativeTarget;
			buildConfigurationList = 4E16D19C254D63C300AEB3D2 /* Build configuration list for PBXNativeTarget "Headline App IN MVVM" */;
			buildPhases = (
				4E16D184254D63C200AEB3D2 /* Sources */,
				4E16D185254D63C200AEB3D2 /* Frameworks */,
				4E16D186254D63C200AEB3D2 /* Resources */,
			);
			buildRules = (
			);
			dependencies = (
			);
			name = "Headline App IN MVVM";
			productName = "Headline App IN MVVM";
			productReference = 4E16D188254D63C200AEB3D2 /* Headline App IN MVVM.app */;
			productType = "com.apple.product-type.application";
		};
/* End PBXNativeTarget section */

/* Begin PBXProject section */
		4E16D180254D63C200AEB3D2 /* Project object */ = {
			isa = PBXProject;
			attributes = {
				LastSwiftUpdateCheck = 1200;
				LastUpgradeCheck = 1200;
				TargetAttributes = {
					4E16D187254D63C200AEB3D2 = {
						CreatedOnToolsVersion = 12.0;
					};
				};
			};
			buildConfigurationList = 4E16D183254D63C200AEB3D2 /* Build configuration list for PBXProject "Headline App IN MVVM" */;
			compatibilityVersion = "Xcode 9.3";
			developmentRegion = en;
			hasScannedForEncodings = 0;
			knownRegions = (
				en,
				Base,
			);
			mainGroup = 4E16D17F254D63C200AEB3D2;
			productRefGroup = 4E16D189254D63C200AEB3D2 /* Products */;
			projectDirPath = "";
			projectRoot = "";
			targets = (
				4E16D187254D63C200AEB3D2 /* Headline App IN MVVM */,
			);
		};
/* End PBXProject section */

/* Begin PBXResourcesBuildPhase section */
		4E16D186254D63C200AEB3D2 /* Resources */ = {
			isa = PBXResourcesBuildPhase;
			buildActionMask = 2147483647;
			files = (
				4E16D198254D63C300AEB3D2 /* LaunchScreen.storyboard in Resources */,
				4E16D195254D63C300AEB3D2 /* Assets.xcassets in Resources */,
				4E16D193254D63C200AEB3D2 /* Main.storyboard in Resources */,
			);
			runOnlyForDeploymentPostprocessing = 0;
		};
/* End PBXResourcesBuildPhase section */

/* Begin PBXSourcesBuildPhase section */
		4E16D184254D63C200AEB3D2 /* Sources */ = {
			isa = PBXSourcesBuildPhase;
			buildActionMask = 2147483647;
			files = (
				4E4A45AA254D9EDE00E9DF9D /* HeadlineListViewModel.swift in Sources */,
				4E4A45B3254DA04600E9DF9D /* HeadlineTableViewDataSource.swift in Sources */,
				4E16D1A6254D63E800AEB3D2 /* ExtensionUivew.swift in Sources */,
				4EF66AD6254D8AB700F66F4A /* TableViewDataSource.swift in Sources */,
				4E4A45B0254D9F2900E9DF9D /* HeadlineTableViewCell.swift in Sources */,
				4E16D1A7254D63E800AEB3D2 /* UIImageView.swift in Sources */,
				4E16D190254D63C200AEB3D2 /* ViewController.swift in Sources */,
				4E16D1B2254D645100AEB3D2 /* HeadCell.swift in Sources */,
				4EF66ADA254D8B2100F66F4A /* SourceListViewModel.swift in Sources */,
				4E16D18C254D63C200AEB3D2 /* AppDelegate.swift in Sources */,
				4E16D1A9254D63E800AEB3D2 /* UIButton.swift in Sources */,
				4E16D1A8254D63E800AEB3D2 /* UILabel.swift in Sources */,
				4E16D1B7254D65ED00AEB3D2 /* Services.swift in Sources */,
				4E4A45AD254D9F0B00E9DF9D /* Headline.swift in Sources */,
				4E4A45A7254D9EC000E9DF9D /* HeadlinesTableViewController.swift in Sources */,
				4E16D1D9254D668C00AEB3D2 /* Source.swift in Sources */,
				4E16D18E254D63C200AEB3D2 /* SceneDelegate.swift in Sources */,
			);
			runOnlyForDeploymentPostprocessing = 0;
		};
/* End PBXSourcesBuildPhase section */

/* Begin PBXVariantGroup section */
		4E16D191254D63C200AEB3D2 /* Main.storyboard */ = {
			isa = PBXVariantGroup;
			children = (
				4E16D192254D63C200AEB3D2 /* Base */,
			);
			name = Main.storyboard;
			sourceTree = "<group>";
		};
		4E16D196254D63C300AEB3D2 /* LaunchScreen.storyboard */ = {
			isa = PBXVariantGroup;
			children = (
				4E16D197254D63C300AEB3D2 /* Base */,
			);
			name = LaunchScreen.storyboard;
			sourceTree = "<group>";
		};
/* End PBXVariantGroup section */

/* Begin XCBuildConfiguration section */
		4E16D19A254D63C300AEB3D2 /* Debug */ = {
			isa = XCBuildConfiguration;
			buildSettings = {
				ALWAYS_SEARCH_USER_PATHS = NO;
				CLANG_ANALYZER_NONNULL = YES;
				CLANG_ANALYZER_NUMBER_OBJECT_CONVERSION = YES_AGGRESSIVE;
				CLANG_CXX_LANGUAGE_STANDARD = "gnu++14";
				CLANG_CXX_LIBRARY = "libc++";
				CLANG_ENABLE_MODULES = YES;
				CLANG_ENABLE_OBJC_ARC = YES;
				CLANG_ENABLE_OBJC_WEAK = YES;
				CLANG_WARN_BLOCK_CAPTURE_AUTORELEASING = YES;
				CLANG_WARN_BOOL_CONVERSION = YES;
				CLANG_WARN_COMMA = YES;
				CLANG_WARN_CONSTANT_CONVERSION = YES;
				CLANG_WARN_DEPRECATED_OBJC_IMPLEMENTATIONS = YES;
				CLANG_WARN_DIRECT_OBJC_ISA_USAGE = YES_ERROR;
				CLANG_WARN_DOCUMENTATION_COMMENTS = YES;
				CLANG_WARN_EMPTY_BODY = YES;
				CLANG_WARN_ENUM_CONVERSION = YES;
				CLANG_WARN_INFINITE_RECURSION = YES;
				CLANG_WARN_INT_CONVERSION = YES;
				CLANG_WARN_NON_LITERAL_NULL_CONVERSION = YES;
				CLANG_WARN_OBJC_IMPLICIT_RETAIN_SELF = YES;
				CLANG_WARN_OBJC_LITERAL_CONVERSION = YES;
				CLANG_WARN_OBJC_ROOT_CLASS = YES_ERROR;
				CLANG_WARN_QUOTED_INCLUDE_IN_FRAMEWORK_HEADER = YES;
				CLANG_WARN_RANGE_LOOP_ANALYSIS = YES;
				CLANG_WARN_STRICT_PROTOTYPES = YES;
				CLANG_WARN_SUSPICIOUS_MOVE = YES;
				CLANG_WARN_UNGUARDED_AVAILABILITY = YES_AGGRESSIVE;
				CLANG_WARN_UNREACHABLE_CODE = YES;
				CLANG_WARN__DUPLICATE_METHOD_MATCH = YES;
				COPY_PHASE_STRIP = NO;
				DEBUG_INFORMATION_FORMAT = dwarf;
				ENABLE_STRICT_OBJC_MSGSEND = YES;
				ENABLE_TESTABILITY = YES;
				GCC_C_LANGUAGE_STANDARD = gnu11;
				GCC_DYNAMIC_NO_PIC = NO;
				GCC_NO_COMMON_BLOCKS = YES;
				GCC_OPTIMIZATION_LEVEL = 0;
				GCC_PREPROCESSOR_DEFINITIONS = (
					"DEBUG=1",
					"$(inherited)",
				);
				GCC_WARN_64_TO_32_BIT_CONVERSION = YES;
				GCC_WARN_ABOUT_RETURN_TYPE = YES_ERROR;
				GCC_WARN_UNDECLARED_SELECTOR = YES;
				GCC_WARN_UNINITIALIZED_AUTOS = YES_AGGRESSIVE;
				GCC_WARN_UNUSED_FUNCTION = YES;
				GCC_WARN_UNUSED_VARIABLE = YES;
				IPHONEOS_DEPLOYMENT_TARGET = 14.0;
				MTL_ENABLE_DEBUG_INFO = INCLUDE_SOURCE;
				MTL_FAST_MATH = YES;
				ONLY_ACTIVE_ARCH = YES;
				SDKROOT = iphoneos;
				SWIFT_ACTIVE_COMPILATION_CONDITIONS = DEBUG;
				SWIFT_OPTIMIZATION_LEVEL = "-Onone";
			};
			name = Debug;
		};
		4E16D19B254D63C300AEB3D2 /* Release */ = {
			isa = XCBuildConfiguration;
			buildSettings = {
				ALWAYS_SEARCH_USER_PATHS = NO;
				CLANG_ANALYZER_NONNULL = YES;
				CLANG_ANALYZER_NUMBER_OBJECT_CONVERSION = YES_AGGRESSIVE;
				CLANG_CXX_LANGUAGE_STANDARD = "gnu++14";
				CLANG_CXX_LIBRARY = "libc++";
				CLANG_ENABLE_MODULES = YES;
				CLANG_ENABLE_OBJC_ARC = YES;
				CLANG_ENABLE_OBJC_WEAK = YES;
				CLANG_WARN_BLOCK_CAPTURE_AUTORELEASING = YES;
				CLANG_WARN_BOOL_CONVERSION = YES;
				CLANG_WARN_COMMA = YES;
				CLANG_WARN_CONSTANT_CONVERSION = YES;
				CLANG_WARN_DEPRECATED_OBJC_IMPLEMENTATIONS = YES;
				CLANG_WARN_DIRECT_OBJC_ISA_USAGE = YES_ERROR;
				CLANG_WARN_DOCUMENTATION_COMMENTS = YES;
				CLANG_WARN_EMPTY_BODY = YES;
				CLANG_WARN_ENUM_CONVERSION = YES;
				CLANG_WARN_INFINITE_RECURSION = YES;
				CLANG_WARN_INT_CONVERSION = YES;
				CLANG_WARN_NON_LITERAL_NULL_CONVERSION = YES;
				CLANG_WARN_OBJC_IMPLICIT_RETAIN_SELF = YES;
				CLANG_WARN_OBJC_LITERAL_CONVERSION = YES;
				CLANG_WARN_OBJC_ROOT_CLASS = YES_ERROR;
				CLANG_WARN_QUOTED_INCLUDE_IN_FRAMEWORK_HEADER = YES;
				CLANG_WARN_RANGE_LOOP_ANALYSIS = YES;
				CLANG_WARN_STRICT_PROTOTYPES = YES;
				CLANG_WARN_SUSPICIOUS_MOVE = YES;
				CLANG_WARN_UNGUARDED_AVAILABILITY = YES_AGGRESSIVE;
				CLANG_WARN_UNREACHABLE_CODE = YES;
				CLANG_WARN__DUPLICATE_METHOD_MATCH = YES;
				COPY_PHASE_STRIP = NO;
				DEBUG_INFORMATION_FORMAT = "dwarf-with-dsym";
				ENABLE_NS_ASSERTIONS = NO;
				ENABLE_STRICT_OBJC_MSGSEND = YES;
				GCC_C_LANGUAGE_STANDARD = gnu11;
				GCC_NO_COMMON_BLOCKS = YES;
				GCC_WARN_64_TO_32_BIT_CONVERSION = YES;
				GCC_WARN_ABOUT_RETURN_TYPE = YES_ERROR;
				GCC_WARN_UNDECLARED_SELECTOR = YES;
				GCC_WARN_UNINITIALIZED_AUTOS = YES_AGGRESSIVE;
				GCC_WARN_UNUSED_FUNCTION = YES;
				GCC_WARN_UNUSED_VARIABLE = YES;
				IPHONEOS_DEPLOYMENT_TARGET = 14.0;
				MTL_ENABLE_DEBUG_INFO = NO;
				MTL_FAST_MATH = YES;
				SDKROOT = iphoneos;
				SWIFT_COMPILATION_MODE = wholemodule;
				SWIFT_OPTIMIZATION_LEVEL = "-O";
				VALIDATE_PRODUCT = YES;
			};
			name = Release;
		};
		4E16D19D254D63C300AEB3D2 /* Debug */ = {
			isa = XCBuildConfiguration;
			buildSettings = {
				ASSETCATALOG_COMPILER_APPICON_NAME = AppIcon;
				ASSETCATALOG_COMPILER_GLOBAL_ACCENT_COLOR_NAME = AccentColor;
				CODE_SIGN_STYLE = Automatic;
				DEVELOPMENT_TEAM = 5RTZJMVRS2;
				INFOPLIST_FILE = "Headline App IN MVVM/Info.plist";
				LD_RUNPATH_SEARCH_PATHS = (
					"$(inherited)",
					"@executable_path/Frameworks",
				);
				PRODUCT_BUNDLE_IDENTIFIER = "com.hosam.net.Headline-App-IN-MVVM";
				PRODUCT_NAME = "$(TARGET_NAME)";
				SWIFT_VERSION = 5.0;
				TARGETED_DEVICE_FAMILY = 1;
			};
			name = Debug;
		};
		4E16D19E254D63C300AEB3D2 /* Release */ = {
			isa = XCBuildConfiguration;
			buildSettings = {
				ASSETCATALOG_COMPILER_APPICON_NAME = AppIcon;
				ASSETCATALOG_COMPILER_GLOBAL_ACCENT_COLOR_NAME = AccentColor;
				CODE_SIGN_STYLE = Automatic;
				DEVELOPMENT_TEAM = 5RTZJMVRS2;
				INFOPLIST_FILE = "Headline App IN MVVM/Info.plist";
				LD_RUNPATH_SEARCH_PATHS = (
					"$(inherited)",
					"@executable_path/Frameworks",
				);
				PRODUCT_BUNDLE_IDENTIFIER = "com.hosam.net.Headline-App-IN-MVVM";
				PRODUCT_NAME = "$(TARGET_NAME)";
				SWIFT_VERSION = 5.0;
				TARGETED_DEVICE_FAMILY = 1;
			};
			name = Release;
		};
/* End XCBuildConfiguration section */

/* Begin XCConfigurationList section */
		4E16D183254D63C200AEB3D2 /* Build configuration list for PBXProject "Headline App IN MVVM" */ = {
			isa = XCConfigurationList;
			buildConfigurations = (
				4E16D19A254D63C300AEB3D2 /* Debug */,
				4E16D19B254D63C300AEB3D2 /* Release */,
			);
			defaultConfigurationIsVisible = 0;
			defaultConfigurationName = Release;
		};
		4E16D19C254D63C300AEB3D2 /* Build configuration list for PBXNativeTarget "Headline App IN MVVM" */ = {
			isa = XCConfigurationList;
			buildConfigurations = (
				4E16D19D254D63C300AEB3D2 /* Debug */,
				4E16D19E254D63C300AEB3D2 /* Release */,
			);
			defaultConfigurationIsVisible = 0;
			defaultConfigurationName = Release;
		};
/* End XCConfigurationList section */
	};
	rootObject = 4E16D180254D63C200AEB3D2 /* Project object */;
}
